
Microsoft Visual Studio Solution File, Format Version 11.00
# Visual Studio 2010
Project("{FAE04EC0-301F-11D3-BF4B-00C04F79EFBC}") = "Mission-Complete-LA", "Assembly-CSharp-firstpass.csproj", "{94364FA1-6328-7F0B-979B-C88D51642486}"
EndProject
Project("{FAE04EC0-301F-11D3-BF4B-00C04F79EFBC}") = "Mission-Complete-LA", "Assembly-CSharp.csproj", "{F656278C-13F4-4521-AA9C-63CDE6B2287C}"
EndProject
Project("{FAE04EC0-301F-11D3-BF4B-00C04F79EFBC}") = "Mission-Complete-LA", "Assembly-CSharp-Editor.csproj", "{580F8075-7853-1D8F-F691-9CCDA4319E82}"
EndProject
Global
	GlobalSection(SolutionConfigurationPlatforms) = preSolution
		Debug|Any CPU = Debug|Any CPU
		Release|Any CPU = Release|Any CPU
	EndGlobalSection
	GlobalSection(ProjectConfigurationPlatforms) = postSolution
		{94364FA1-6328-7F0B-979B-C88D51642486}.Debug|Any CPU.ActiveCfg = Debug|Any CPU
		{94364FA1-6328-7F0B-979B-C88D51642486}.Debug|Any CPU.Build.0 = Debug|Any CPU
		{94364FA1-6328-7F0B-979B-C88D51642486}.Release|Any CPU.ActiveCfg = Release|Any CPU
		{94364FA1-6328-7F0B-979B-C88D51642486}.Release|Any CPU.Build.0 = Release|Any CPU
		{F656278C-13F4-4521-AA9C-63CDE6B2287C}.Debug|Any CPU.ActiveCfg = Debug|Any CPU
		{F656278C-13F4-4521-AA9C-63CDE6B2287C}.Debug|Any CPU.Build.0 = Debug|Any CPU
		{F656278C-13F4-4521-AA9C-63CDE6B2287C}.Release|Any CPU.ActiveCfg = Release|Any CPU
		{F656278C-13F4-4521-AA9C-63CDE6B2287C}.Release|Any CPU.Build.0 = Release|Any CPU
		{580F8075-7853-1D8F-F691-9CCDA4319E82}.Debug|Any CPU.ActiveCfg = Debug|Any CPU
		{580F8075-7853-1D8F-F691-9CCDA4319E82}.Debug|Any CPU.Build.0 = Debug|Any CPU
		{580F8075-7853-1D8F-F691-9CCDA4319E82}.Release|Any CPU.ActiveCfg = Release|Any CPU
		{580F8075-7853-1D8F-F691-9CCDA4319E82}.Release|Any CPU.Build.0 = Release|Any CPU
	EndGlobalSection
	GlobalSection(SolutionProperties) = preSolution
		HideSolutionNode = FALSE
	EndGlobalSection
	GlobalSection(MonoDevelopProperties) = preSolution
		StartupItem = Assembly-CSharp.csproj
	EndGlobalSection
EndGlobal
